github.com/DeathHand/smpp v0.0.0-20190814045550-661bc95b3c62 h1:3c9pspsc/QhX2KaOi53N4bzn+HR+I1B8Q/4FQu7C+60=
github.com/DeathHand/smpp v0.0.0-20190814045550-661bc95b3c62/go.mod h1:87k3W6DK7mQXum4dhZpFnFT69GL80loVyqjECWxIT0g=
github.com/DeathHand/smpp v0.0.0-20190817064349-5c15502e5fd9 h1:SmdGgT0Dz5OulVXtU6w9XdDR1ZMDgaGK+biMNVh9L9c=
github.com/DeathHand/smpp v0.0.0-20190817064349-5c15502e5fd9/go.mod h1:87k3W6DK7mQXum4dhZpFnFT69GL80loVyqjECWxIT0g=
github.com/DeathHand/smpp v0.0.0-20190817070705-4afacb65cb4d h1:RLEB7F2kd1ZIHOpXJ6xX0yxFzTdwL4en6wIrgMIaHk0=
github.com/DeathHand/smpp v0.0.0-20190817070705-4afacb65cb4d/go.mod h1:87k3W6DK7mQXum4dhZpFnFT69GL80loVyqjECWxIT0g=
github.com/DeathHand/smpp v0.0.0-20190817072311-7589ed03fdd1 h1:aP0zLaem/5oIuZ6+bjaFukTOb1023KFOTDPZ326vKSk=
github.com/DeathHand/smpp v0.0.0-20190817072311-7589ed03fdd1/go.mod h1:87k3W6DK7mQXum4dhZpFnFT69GL80loVyqjECWxIT0g=
github.com/DeathHand/smpp v0.0.0-20190817073635-b10558095c6a h1:IbGmNNBK8FZ6fb0iZv5dCFUS4gnLN3C6clrwahKV9Z8=
github.com/DeathHand/smpp v0.0.0-20190817073635-b10558095c6a/go.mod h1:87k3W6DK7mQXum4dhZpFnFT69GL80loVyqjECWxIT0g=
github.com/DeathHand/smpp v0.0.0-20190817075912-0f90f9c844c9 h1:sXpkXm20yF7DXzknVCank+JW/1XsW4tNCgKNfgwbDrA=
github.com/DeathHand/smpp v0.0.0-20190817075912-0f90f9c844c9/go.mod h1:87k3W6DK7mQXum4dhZpFnFT69GL80loVyqjECWxIT0g=
github.com/DeathHand/smpp v0.0.0-20190817080005-0949103067aa h1:6y5xBeders8XicGR58QetswaMkT5tkyAywbRdjgziEQ=
github.com/DeathHand/smpp v0.0.0-20190817080005-0949103067aa/go.mod h1:87k3W6DK7mQXum4dhZpFnFT69GL80loVyqjECWxIT0g=
github.com/DeathHand/smpp v0.0.0-20190817091716-0c15f1c2168f h1:GiiziBlK5za8lVHuzCmIED+Yy3+XKbIPjaZgMaKPLpg=
github.com/DeathHand/smpp v0.0.0-20190817091716-0c15f1c2168f/go.mod h1:87k3W6DK7mQXum4dhZpFnFT69GL80loVyqjECWxIT0g=
github.com/DeathHand/smpp v0.0.0-20190821082017-8c527bd3baa5 h1:GACeq4xG401O0Zm8yma4EKW2C7K4dAcwPS6WQy2Xl8E=
github.com/DeathHand/smpp v0.0.0-20190821082017-8c527bd3baa5/go.mod h1:87k3W6DK7mQXum4dhZpFnFT69GL80loVyqjECWxIT0g=
github.com/davecgh/go-spew v1.1.1/go.mod h1:J7Y8YcW2NihsgmVo/mv3lAwl/skON4iLHjSsI+c5H38=
github.com/google/uuid v1.1.1 h1:Gkbcsh/GbpXz7lPftLA3P6TYMwjCLYm83jiFQZF/3gY=
github.com/google/uuid v1.1.1/go.mod h1:TIyPZe4MgqvfeYDBFedMoGGpEw/LqOeaOT+nhxU+yHo=
github.com/mediocregopher/radix/v3 v3.3.2 h1:2gAC5aDBWQr1LBgaNQiVLb2LGX4lvkARDkfjsuonKJE=
github.com/mediocregopher/radix/v3 v3.3.2/go.mod h1:RsC7cELtyL4TGkg0nwRPTa+J2TXZ0dh/ruohD3rnjMk=
github.com/pmezard/go-difflib v1.0.0/go.mod h1:iKH77koFhYxTK1pcRnkKkqfTogsbg7gZNVY4sRDYZ/4=
github.com/stretchr/testify v1.2.2/go.mod h1:a8OnRcib4nhh0OaRAV+Yts87kKdq0PP7pXfy6kDkUVs=
goji.io v2.0.2+incompatible h1:uIssv/elbKRLznFUy3Xj4+2Mz/qKhek/9aZQDUMae7c=
goji.io v2.0.2+incompatible/go.mod h1:sbqFwrtqZACxLBTQcdgVjFh54yGVCvwq8+w49MVMMIk=
golang.org/x/xerrors v0.0.0-20190513163551-3ee3066db522 h1:bhOzK9QyoD0ogCnFro1m2mz41+Ib0oOhfJnBp5MR4K4=
golang.org/x/xerrors v0.0.0-20190513163551-3ee3066db522/go.mod h1:I/5z698sn9Ka8TeJc9MKroUUfqBBauWjQqLJ2OPfmY0=
